
Microsoft Visual Studio Solution File, Format Version 12.00
Project("{FAE04EC0-301F-11D3-BF4B-00C04F79EFBC}") = "DevFreela.Payments.API", "DevFreela.Payments.API\DevFreela.Payments.API.csproj", "{0EA20C8F-5284-43BA-86DA-C02FC688B55F}"
EndProject
Global
	GlobalSection(SolutionConfigurationPlatforms) = preSolution
		Debug|Any CPU = Debug|Any CPU
		Release|Any CPU = Release|Any CPU
	EndGlobalSection
	GlobalSection(ProjectConfigurationPlatforms) = postSolution
		{0EA20C8F-5284-43BA-86DA-C02FC688B55F}.Debug|Any CPU.ActiveCfg = Debug|Any CPU
		{0EA20C8F-5284-43BA-86DA-C02FC688B55F}.Debug|Any CPU.Build.0 = Debug|Any CPU
		{0EA20C8F-5284-43BA-86DA-C02FC688B55F}.Release|Any CPU.ActiveCfg = Release|Any CPU
		{0EA20C8F-5284-43BA-86DA-C02FC688B55F}.Release|Any CPU.Build.0 = Release|Any CPU
	EndGlobalSection
EndGlobal
